{
    "_readme": [
        "This file locks the dependencies of your project to a known state",
        "Read more about it at https://getcomposer.org/doc/01-basic-usage.md#installing-dependencies",
        "This file is @generated automatically"
    ],
    "content-hash": "3317e49d3e07dcb3ff8ea983d1230627",
    "packages": [
        {
            "name": "spatie/db-dumper",
            "version": "3.8.0",
            "source": {
                "type": "git",
                "url": "https://github.com/spatie/db-dumper.git",
                "reference": "91e1fd4dc000aefc9753cda2da37069fc996baee"
            },
            "dist": {
                "type": "zip",
                "url": "https://api.github.com/repos/spatie/db-dumper/zipball/91e1fd4dc000aefc9753cda2da37069fc996baee",
                "reference": "91e1fd4dc000aefc9753cda2da37069fc996baee",
                "shasum": ""
            },
            "require": {
                "php": "^8.0",
                "symfony/process": "^5.0|^6.0|^7.0"
            },
            "require-dev": {
                "pestphp/pest": "^1.22"
            },
            "type": "library",
            "autoload": {
                "psr-4": {
                    "Spatie\\DbDumper\\": "src"
                }
            },
            "notification-url": "https://packagist.org/downloads/",
            "license": [
                "MIT"
            ],
            "authors": [
                {
                    "name": "Freek Van der Herten",
                    "email": "freek@spatie.be",
                    "homepage": "https://spatie.be",
                    "role": "Developer"
                }
            ],
            "description": "Dump databases",
            "homepage": "https://github.com/spatie/db-dumper",
            "keywords": [
                "database",
                "db-dumper",
                "dump",
                "mysqldump",
                "spatie"
            ],
            "support": {
                "source": "https://github.com/spatie/db-dumper/tree/3.8.0"
            },
            "funding": [
                {
                    "url": "https://spatie.be/open-source/support-us",
                    "type": "custom"
                },
                {
                    "url": "https://github.com/spatie",
                    "type": "github"
                }
            ],
            "time": "2025-02-14T15:04:22+00:00"
        },
        {
            "name": "symfony/process",
            "version": "v7.3.0",
            "source": {
                "type": "git",
                "url": "https://github.com/symfony/process.git",
                "reference": "40c295f2deb408d5e9d2d32b8ba1dd61e36f05af"
            },
            "dist": {
                "type": "zip",
                "url": "https://api.github.com/repos/symfony/process/zipball/40c295f2deb408d5e9d2d32b8ba1dd61e36f05af",
                "reference": "40c295f2deb408d5e9d2d32b8ba1dd61e36f05af",
                "shasum": ""
            },
            "require": {
                "php": ">=8.2"
            },
            "type": "library",
            "autoload": {
                "psr-4": {
                    "Symfony\\Component\\Process\\": ""
                },
                "exclude-from-classmap": [
                    "/Tests/"
                ]
            },
            "notification-url": "https://packagist.org/downloads/",
            "license": [
                "MIT"
            ],
            "authors": [
                {
                    "name": "Fabien Potencier",
                    "email": "fabien@symfony.com"
                },
                {
                    "name": "Symfony Community",
                    "homepage": "https://symfony.com/contributors"
                }
            ],
            "description": "Executes commands in sub-processes",
            "homepage": "https://symfony.com",
            "support": {
                "source": "https://github.com/symfony/process/tree/v7.3.0"
            },
            "funding": [
                {
                    "url": "https://symfony.com/sponsor",
                    "type": "custom"
                },
                {
                    "url": "https://github.com/fabpot",
                    "type": "github"
                },
                {
                    "url": "https://tidelift.com/funding/github/packagist/symfony/symfony",
                    "type": "tidelift"
                }
            ],
            "time": "2025-04-17T09:11:12+00:00"
        }
    ],
    "packages-dev": [],
    "aliases": [],
    "minimum-stability": "stable",
    "stability-flags": {},
    "prefer-stable": false,
    "prefer-lowest": false,
    "platform": {},
    "platform-dev": {},
    "plugin-api-version": "2.6.0"
}
